
Microsoft Visual Studio Solution File, Format Version 12.00
# Visual Studio Version 17
VisualStudioVersion = 17.12.35521.163 d17.12
MinimumVisualStudioVersion = 10.0.40219.1
Project("{888888A0-9F3D-457C-B088-3A5042F75D52}") = "L2_CSV_Ingest", "L2_CSV_Ingest\L2_CSV_Ingest.pyproj", "{812C04BE-A100-4038-AD3E-4BC116A8E81A}"
EndProject
Global
	GlobalSection(SolutionConfigurationPlatforms) = preSolution
		Debug|Any CPU = Debug|Any CPU
		Release|Any CPU = Release|Any CPU
	EndGlobalSection
	GlobalSection(ProjectConfigurationPlatforms) = postSolution
		{812C04BE-A100-4038-AD3E-4BC116A8E81A}.Debug|Any CPU.ActiveCfg = Debug|Any CPU
		{812C04BE-A100-4038-AD3E-4BC116A8E81A}.Release|Any CPU.ActiveCfg = Release|Any CPU
	EndGlobalSection
	GlobalSection(SolutionProperties) = preSolution
		HideSolutionNode = FALSE
	EndGlobalSection
EndGlobal
